
Microsoft Visual Studio Solution File, Format Version 12.00
# Visual Studio 2017
Project("{FAE04EC0-301F-11D3-BF4B-00C04F79EFBC}") = "Like_Unique", "Like_Unique.csproj", "{59EE00DB-6EB8-09C7-6EE4-A56F3A73F832}"
EndProject
Global
	GlobalSection(SolutionConfigurationPlatforms) = preSolution
		Debug|Any CPU = Debug|Any CPU
		Release|Any CPU = Release|Any CPU
	EndGlobalSection
	GlobalSection(ProjectConfigurationPlatforms) = postSolution
		{59EE00DB-6EB8-09C7-6EE4-A56F3A73F832}.Debug|Any CPU.ActiveCfg = Debug|Any CPU
		{59EE00DB-6EB8-09C7-6EE4-A56F3A73F832}.Debug|Any CPU.Build.0 = Debug|Any CPU
		{59EE00DB-6EB8-09C7-6EE4-A56F3A73F832}.Release|Any CPU.ActiveCfg = Release|Any CPU
		{59EE00DB-6EB8-09C7-6EE4-A56F3A73F832}.Release|Any CPU.Build.0 = Release|Any CPU
	EndGlobalSection
	GlobalSection(SolutionProperties) = preSolution
		HideSolutionNode = FALSE
	EndGlobalSection
EndGlobal
