
Microsoft Visual Studio Solution File, Format Version 12.00
# Visual Studio 2017
Project("{FAE04EC0-301F-11D3-BF4B-00C04F79EFBC}") = "최종", "최종.csproj", "{CE8ED5A9-1DF6-47BC-AC65-7DB43C3FCD36}"
EndProject
Global
	GlobalSection(SolutionConfigurationPlatforms) = preSolution
		Debug|Any CPU = Debug|Any CPU
		Release|Any CPU = Release|Any CPU
	EndGlobalSection
	GlobalSection(ProjectConfigurationPlatforms) = postSolution
		{CE8ED5A9-1DF6-47BC-AC65-7DB43C3FCD36}.Debug|Any CPU.ActiveCfg = Debug|Any CPU
		{CE8ED5A9-1DF6-47BC-AC65-7DB43C3FCD36}.Debug|Any CPU.Build.0 = Debug|Any CPU
		{CE8ED5A9-1DF6-47BC-AC65-7DB43C3FCD36}.Release|Any CPU.ActiveCfg = Release|Any CPU
		{CE8ED5A9-1DF6-47BC-AC65-7DB43C3FCD36}.Release|Any CPU.Build.0 = Release|Any CPU
	EndGlobalSection
	GlobalSection(SolutionProperties) = preSolution
		HideSolutionNode = FALSE
	EndGlobalSection
EndGlobal
